
Microsoft Visual Studio Solution File, Format Version 12.00
# Visual Studio Version 17
VisualStudioVersion = 17.8.34525.116
MinimumVisualStudioVersion = 10.0.40219.1
Project("{FAE04EC0-301F-11D3-BF4B-00C04F79EFBC}") = "ChatClient", "ChatClient\ChatClient.csproj", "{C13F538B-4E48-42FE-8365-91FA5028F8C3}"
EndProject
Global
	GlobalSection(SolutionConfigurationPlatforms) = preSolution
		Debug|Any CPU = Debug|Any CPU
		Release|Any CPU = Release|Any CPU
	EndGlobalSection
	GlobalSection(ProjectConfigurationPlatforms) = postSolution
		{C13F538B-4E48-42FE-8365-91FA5028F8C3}.Debug|Any CPU.ActiveCfg = Debug|Any CPU
		{C13F538B-4E48-42FE-8365-91FA5028F8C3}.Debug|Any CPU.Build.0 = Debug|Any CPU
		{C13F538B-4E48-42FE-8365-91FA5028F8C3}.Release|Any CPU.ActiveCfg = Release|Any CPU
		{C13F538B-4E48-42FE-8365-91FA5028F8C3}.Release|Any CPU.Build.0 = Release|Any CPU
	EndGlobalSection
	GlobalSection(SolutionProperties) = preSolution
		HideSolutionNode = FALSE
	EndGlobalSection
	GlobalSection(ExtensibilityGlobals) = postSolution
		SolutionGuid = {4523BF92-8198-4B56-940D-D71558BEC8CF}
	EndGlobalSection
EndGlobal
